// !$*UTF8*$!
{
	archiveVersion = 1;
	classes = {
	};
	objectVersion = 55;
	objects = {

/* Begin PBXBuildFile section */
		290E776128B5F66E00E12231 /* OptinonsRegistrationHelper.swift in Sources */ = {isa = PBXBuildFile; fileRef = 290E776028B5F66E00E12231 /* OptinonsRegistrationHelper.swift */; };
		2915232A28BBCAB400EB7715 /* GoogleService-Info.plist in Resources */ = {isa = PBXBuildFile; fileRef = 2915232928BBCAB400EB7715 /* GoogleService-Info.plist */; };
		2915232D28BBCB8800EB7715 /* FirebaseAuth in Frameworks */ = {isa = PBXBuildFile; productRef = 2915232C28BBCB8800EB7715 /* FirebaseAuth */; };
		2915232F28BBD00200EB7715 /* Authentications.swift in Sources */ = {isa = PBXBuildFile; fileRef = 2915232E28BBD00200EB7715 /* Authentications.swift */; };
		2915233128BBD0D200EB7715 /* AuthFirebaseAdapter.swift in Sources */ = {isa = PBXBuildFile; fileRef = 2915233028BBD0D200EB7715 /* AuthFirebaseAdapter.swift */; };
		296A464528AD644A00E70222 /* OptionsLoginHelper.swift in Sources */ = {isa = PBXBuildFile; fileRef = 296A464428AD644A00E70222 /* OptionsLoginHelper.swift */; };
		2971C27728B0D19F00E409FC /* Credentials.swift in Sources */ = {isa = PBXBuildFile; fileRef = 2971C27628B0D19F00E409FC /* Credentials.swift */; };
		29875D6E2903E2070060F338 /* InfoImageCell.swift in Sources */ = {isa = PBXBuildFile; fileRef = 29875D6C2903E2070060F338 /* InfoImageCell.swift */; };
		29875D6F2903E2070060F338 /* InfoImageCell.xib in Resources */ = {isa = PBXBuildFile; fileRef = 29875D6D2903E2070060F338 /* InfoImageCell.xib */; };
		29875D782903E8590060F338 /* Comic Sans MS.ttf in Resources */ = {isa = PBXBuildFile; fileRef = 29875D772903E8590060F338 /* Comic Sans MS.ttf */; };
		299B22C828AA733F00D84459 /* AppDelegate.swift in Sources */ = {isa = PBXBuildFile; fileRef = 299B22C728AA733F00D84459 /* AppDelegate.swift */; };
		299B22CA28AA733F00D84459 /* SceneDelegate.swift in Sources */ = {isa = PBXBuildFile; fileRef = 299B22C928AA733F00D84459 /* SceneDelegate.swift */; };
		299B22CC28AA733F00D84459 /* LoginController.swift in Sources */ = {isa = PBXBuildFile; fileRef = 299B22CB28AA733F00D84459 /* LoginController.swift */; };
		299B22D128AA734200D84459 /* Assets.xcassets in Resources */ = {isa = PBXBuildFile; fileRef = 299B22D028AA734200D84459 /* Assets.xcassets */; };
		299B22D428AA734200D84459 /* LaunchScreen.storyboard in Resources */ = {isa = PBXBuildFile; fileRef = 299B22D228AA734200D84459 /* LaunchScreen.storyboard */; };
		299B22DF28AA734200D84459 /* ClientMixDictionaryTests.swift in Sources */ = {isa = PBXBuildFile; fileRef = 299B22DE28AA734200D84459 /* ClientMixDictionaryTests.swift */; };
		299B22E928AA734200D84459 /* ClientMixDictionaryUITests.swift in Sources */ = {isa = PBXBuildFile; fileRef = 299B22E828AA734200D84459 /* ClientMixDictionaryUITests.swift */; };
		299B22EB28AA734200D84459 /* ClientMixDictionaryUITestsLaunchTests.swift in Sources */ = {isa = PBXBuildFile; fileRef = 299B22EA28AA734200D84459 /* ClientMixDictionaryUITestsLaunchTests.swift */; };
		299B22FC28AA745D00D84459 /* CoreTableView in Frameworks */ = {isa = PBXBuildFile; productRef = 299B22FB28AA745D00D84459 /* CoreTableView */; };
		299B230228AA75CB00D84459 /* LoginView.swift in Sources */ = {isa = PBXBuildFile; fileRef = 299B230128AA75CB00D84459 /* LoginView.swift */; };
		299B230828AA78B200D84459 /* LoginModel.swift in Sources */ = {isa = PBXBuildFile; fileRef = 299B230728AA78B200D84459 /* LoginModel.swift */; };
		299B230F28AA7EA000D84459 /* CredentialsCell.swift in Sources */ = {isa = PBXBuildFile; fileRef = 299B230D28AA7EA000D84459 /* CredentialsCell.swift */; };
		299B231028AA7EA000D84459 /* CredentialsCell.xib in Resources */ = {isa = PBXBuildFile; fileRef = 299B230E28AA7EA000D84459 /* CredentialsCell.xib */; };
		299B231328AA7F8400D84459 /* CoreExtensions in Frameworks */ = {isa = PBXBuildFile; productRef = 299B231228AA7F8400D84459 /* CoreExtensions */; };
		299B231528AAADCE00D84459 /* LoginInteractor.swift in Sources */ = {isa = PBXBuildFile; fileRef = 299B231428AAADCE00D84459 /* LoginInteractor.swift */; };
		299B231728AAB03100D84459 /* LoginPresenter.swift in Sources */ = {isa = PBXBuildFile; fileRef = 299B231628AAB03100D84459 /* LoginPresenter.swift */; };
		299B231928AAB1DA00D84459 /* LoginRouter.swift in Sources */ = {isa = PBXBuildFile; fileRef = 299B231828AAB1DA00D84459 /* LoginRouter.swift */; };
		299B231C28AAB4D300D84459 /* TableHelper.swift in Sources */ = {isa = PBXBuildFile; fileRef = 299B231B28AAB4D300D84459 /* TableHelper.swift */; };
		299B231E28AAB64100D84459 /* FieldHelper.swift in Sources */ = {isa = PBXBuildFile; fileRef = 299B231D28AAB64100D84459 /* FieldHelper.swift */; };
		299B232128AB61F600D84459 /* ImageCell.swift in Sources */ = {isa = PBXBuildFile; fileRef = 299B231F28AB61F600D84459 /* ImageCell.swift */; };
		299B232228AB61F600D84459 /* ImageCell.xib in Resources */ = {isa = PBXBuildFile; fileRef = 299B232028AB61F600D84459 /* ImageCell.xib */; };
		299B232428AB66C800D84459 /* StartMenuHelper.swift in Sources */ = {isa = PBXBuildFile; fileRef = 299B232328AB66C800D84459 /* StartMenuHelper.swift */; };
		299B232728AB6D3B00D84459 /* MenuHeader.swift in Sources */ = {isa = PBXBuildFile; fileRef = 299B232628AB6D3B00D84459 /* MenuHeader.swift */; };
		299B232E28ABCA0B00D84459 /* TitleHeaderView.xib in Resources */ = {isa = PBXBuildFile; fileRef = 299B232C28ABCA0B00D84459 /* TitleHeaderView.xib */; };
		299B232F28ABCA0B00D84459 /* TitleHeaderView.swift in Sources */ = {isa = PBXBuildFile; fileRef = 299B232D28ABCA0B00D84459 /* TitleHeaderView.swift */; };
		29C8EF6F2903F6C400B75B15 /* MenuCell.swift in Sources */ = {isa = PBXBuildFile; fileRef = 29C8EF6D2903F6C400B75B15 /* MenuCell.swift */; };
		29C8EF702903F6C400B75B15 /* MenuCell.xib in Resources */ = {isa = PBXBuildFile; fileRef = 29C8EF6E2903F6C400B75B15 /* MenuCell.xib */; };
		29C8EF742904009000B75B15 /* MenuModel.swift in Sources */ = {isa = PBXBuildFile; fileRef = 29C8EF732904009000B75B15 /* MenuModel.swift */; };
		29C8EF77290519EE00B75B15 /* MenuRouter.swift in Sources */ = {isa = PBXBuildFile; fileRef = 29C8EF76290519ED00B75B15 /* MenuRouter.swift */; };
		29CCC15828B3570C00E9F3F4 /* InfoLableCell.swift in Sources */ = {isa = PBXBuildFile; fileRef = 29CCC15628B3570C00E9F3F4 /* InfoLableCell.swift */; };
		29CCC15928B3570C00E9F3F4 /* InfoLableCell.xib in Resources */ = {isa = PBXBuildFile; fileRef = 29CCC15728B3570C00E9F3F4 /* InfoLableCell.xib */; };
		29CCC15B28B362AB00E9F3F4 /* InfoHelper.swift in Sources */ = {isa = PBXBuildFile; fileRef = 29CCC15A28B362AB00E9F3F4 /* InfoHelper.swift */; };
		29E7BB192903DA96006286C9 /* MenuController.swift in Sources */ = {isa = PBXBuildFile; fileRef = 29E7BB182903DA96006286C9 /* MenuController.swift */; };
		29E7BB1C2903DAF7006286C9 /* MenuPresenter.swift in Sources */ = {isa = PBXBuildFile; fileRef = 29E7BB1B2903DAF7006286C9 /* MenuPresenter.swift */; };
		29E7BB1E2903DB3D006286C9 /* MenuView.swift in Sources */ = {isa = PBXBuildFile; fileRef = 29E7BB1D2903DB3D006286C9 /* MenuView.swift */; };
		29E7BB212903DD39006286C9 /* MenuInteractor.swift in Sources */ = {isa = PBXBuildFile; fileRef = 29E7BB202903DD39006286C9 /* MenuInteractor.swift */; };
		29E7BB252903E09F006286C9 /* MenuHelper.swift in Sources */ = {isa = PBXBuildFile; fileRef = 29E7BB242903E09F006286C9 /* MenuHelper.swift */; };
/* End PBXBuildFile section */

/* Begin PBXContainerItemProxy section */
		299B22DB28AA734200D84459 /* PBXContainerItemProxy */ = {
			isa = PBXContainerItemProxy;
			containerPortal = 299B22BC28AA733F00D84459 /* Project object */;
			proxyType = 1;
			remoteGlobalIDString = 299B22C328AA733F00D84459;
			remoteInfo = ClientMixDictionary;
		};
		299B22E528AA734200D84459 /* PBXContainerItemProxy */ = {
			isa = PBXContainerItemProxy;
			containerPortal = 299B22BC28AA733F00D84459 /* Project object */;
			proxyType = 1;
			remoteGlobalIDString = 299B22C328AA733F00D84459;
			remoteInfo = ClientMixDictionary;
		};
/* End PBXContainerItemProxy section */

/* Begin PBXFileReference section */
		290E776028B5F66E00E12231 /* OptinonsRegistrationHelper.swift */ = {isa = PBXFileReference; lastKnownFileType = sourcecode.swift; path = OptinonsRegistrationHelper.swift; sourceTree = "<group>"; };
		2915232928BBCAB400EB7715 /* GoogleService-Info.plist */ = {isa = PBXFileReference; fileEncoding = 4; lastKnownFileType = text.plist.xml; path = "GoogleService-Info.plist"; sourceTree = "<group>"; };
		2915232E28BBD00200EB7715 /* Authentications.swift */ = {isa = PBXFileReference; lastKnownFileType = sourcecode.swift; path = Authentications.swift; sourceTree = "<group>"; };
		2915233028BBD0D200EB7715 /* AuthFirebaseAdapter.swift */ = {isa = PBXFileReference; lastKnownFileType = sourcecode.swift; path = AuthFirebaseAdapter.swift; sourceTree = "<group>"; };
		296A464428AD644A00E70222 /* OptionsLoginHelper.swift */ = {isa = PBXFileReference; lastKnownFileType = sourcecode.swift; path = OptionsLoginHelper.swift; sourceTree = "<group>"; };
		2971C27628B0D19F00E409FC /* Credentials.swift */ = {isa = PBXFileReference; lastKnownFileType = sourcecode.swift; path = Credentials.swift; sourceTree = "<group>"; };
		29875D6C2903E2070060F338 /* InfoImageCell.swift */ = {isa = PBXFileReference; fileEncoding = 4; lastKnownFileType = sourcecode.swift; path = InfoImageCell.swift; sourceTree = "<group>"; };
		29875D6D2903E2070060F338 /* InfoImageCell.xib */ = {isa = PBXFileReference; fileEncoding = 4; lastKnownFileType = file.xib; path = InfoImageCell.xib; sourceTree = "<group>"; };
		29875D772903E8590060F338 /* Comic Sans MS.ttf */ = {isa = PBXFileReference; lastKnownFileType = file; name = "Comic Sans MS.ttf"; path = "../../../../../../../Downloads/Comic Sans MS/Comic Sans MS.ttf"; sourceTree = "<group>"; };
		299B22C428AA733F00D84459 /* ClientMixDictionary.app */ = {isa = PBXFileReference; explicitFileType = wrapper.application; includeInIndex = 0; path = ClientMixDictionary.app; sourceTree = BUILT_PRODUCTS_DIR; };
		299B22C728AA733F00D84459 /* AppDelegate.swift */ = {isa = PBXFileReference; lastKnownFileType = sourcecode.swift; path = AppDelegate.swift; sourceTree = "<group>"; };
		299B22C928AA733F00D84459 /* SceneDelegate.swift */ = {isa = PBXFileReference; lastKnownFileType = sourcecode.swift; path = SceneDelegate.swift; sourceTree = "<group>"; };
		299B22CB28AA733F00D84459 /* LoginController.swift */ = {isa = PBXFileReference; lastKnownFileType = sourcecode.swift; path = LoginController.swift; sourceTree = "<group>"; };
		299B22D028AA734200D84459 /* Assets.xcassets */ = {isa = PBXFileReference; lastKnownFileType = folder.assetcatalog; path = Assets.xcassets; sourceTree = "<group>"; };
		299B22D328AA734200D84459 /* Base */ = {isa = PBXFileReference; lastKnownFileType = file.storyboard; name = Base; path = Base.lproj/LaunchScreen.storyboard; sourceTree = "<group>"; };
		299B22D528AA734200D84459 /* Info.plist */ = {isa = PBXFileReference; lastKnownFileType = text.plist.xml; path = Info.plist; sourceTree = "<group>"; };
		299B22DA28AA734200D84459 /* ClientMixDictionaryTests.xctest */ = {isa = PBXFileReference; explicitFileType = wrapper.cfbundle; includeInIndex = 0; path = ClientMixDictionaryTests.xctest; sourceTree = BUILT_PRODUCTS_DIR; };
		299B22DE28AA734200D84459 /* ClientMixDictionaryTests.swift */ = {isa = PBXFileReference; lastKnownFileType = sourcecode.swift; path = ClientMixDictionaryTests.swift; sourceTree = "<group>"; };
		299B22E428AA734200D84459 /* ClientMixDictionaryUITests.xctest */ = {isa = PBXFileReference; explicitFileType = wrapper.cfbundle; includeInIndex = 0; path = ClientMixDictionaryUITests.xctest; sourceTree = BUILT_PRODUCTS_DIR; };
		299B22E828AA734200D84459 /* ClientMixDictionaryUITests.swift */ = {isa = PBXFileReference; lastKnownFileType = sourcecode.swift; path = ClientMixDictionaryUITests.swift; sourceTree = "<group>"; };
		299B22EA28AA734200D84459 /* ClientMixDictionaryUITestsLaunchTests.swift */ = {isa = PBXFileReference; lastKnownFileType = sourcecode.swift; path = ClientMixDictionaryUITestsLaunchTests.swift; sourceTree = "<group>"; };
		299B230128AA75CB00D84459 /* LoginView.swift */ = {isa = PBXFileReference; lastKnownFileType = sourcecode.swift; path = LoginView.swift; sourceTree = "<group>"; };
		299B230728AA78B200D84459 /* LoginModel.swift */ = {isa = PBXFileReference; lastKnownFileType = sourcecode.swift; path = LoginModel.swift; sourceTree = "<group>"; };
		299B230D28AA7EA000D84459 /* CredentialsCell.swift */ = {isa = PBXFileReference; lastKnownFileType = sourcecode.swift; path = CredentialsCell.swift; sourceTree = "<group>"; };
		299B230E28AA7EA000D84459 /* CredentialsCell.xib */ = {isa = PBXFileReference; lastKnownFileType = file.xib; path = CredentialsCell.xib; sourceTree = "<group>"; };
		299B231428AAADCE00D84459 /* LoginInteractor.swift */ = {isa = PBXFileReference; lastKnownFileType = sourcecode.swift; path = LoginInteractor.swift; sourceTree = "<group>"; };
		299B231628AAB03100D84459 /* LoginPresenter.swift */ = {isa = PBXFileReference; lastKnownFileType = sourcecode.swift; path = LoginPresenter.swift; sourceTree = "<group>"; };
		299B231828AAB1DA00D84459 /* LoginRouter.swift */ = {isa = PBXFileReference; lastKnownFileType = sourcecode.swift; path = LoginRouter.swift; sourceTree = "<group>"; };
		299B231B28AAB4D300D84459 /* TableHelper.swift */ = {isa = PBXFileReference; lastKnownFileType = sourcecode.swift; path = TableHelper.swift; sourceTree = "<group>"; };
		299B231D28AAB64100D84459 /* FieldHelper.swift */ = {isa = PBXFileReference; lastKnownFileType = sourcecode.swift; path = FieldHelper.swift; sourceTree = "<group>"; };
		299B231F28AB61F600D84459 /* ImageCell.swift */ = {isa = PBXFileReference; lastKnownFileType = sourcecode.swift; path = ImageCell.swift; sourceTree = "<group>"; };
		299B232028AB61F600D84459 /* ImageCell.xib */ = {isa = PBXFileReference; lastKnownFileType = file.xib; path = ImageCell.xib; sourceTree = "<group>"; };
		299B232328AB66C800D84459 /* StartMenuHelper.swift */ = {isa = PBXFileReference; lastKnownFileType = sourcecode.swift; path = StartMenuHelper.swift; sourceTree = "<group>"; };
		299B232628AB6D3B00D84459 /* MenuHeader.swift */ = {isa = PBXFileReference; lastKnownFileType = sourcecode.swift; path = MenuHeader.swift; sourceTree = "<group>"; };
		299B232C28ABCA0B00D84459 /* TitleHeaderView.xib */ = {isa = PBXFileReference; fileEncoding = 4; lastKnownFileType = file.xib; path = TitleHeaderView.xib; sourceTree = "<group>"; };
		299B232D28ABCA0B00D84459 /* TitleHeaderView.swift */ = {isa = PBXFileReference; fileEncoding = 4; lastKnownFileType = sourcecode.swift; path = TitleHeaderView.swift; sourceTree = "<group>"; };
		29C8EF6D2903F6C400B75B15 /* MenuCell.swift */ = {isa = PBXFileReference; lastKnownFileType = sourcecode.swift; path = MenuCell.swift; sourceTree = "<group>"; };
		29C8EF6E2903F6C400B75B15 /* MenuCell.xib */ = {isa = PBXFileReference; lastKnownFileType = file.xib; path = MenuCell.xib; sourceTree = "<group>"; };
		29C8EF732904009000B75B15 /* MenuModel.swift */ = {isa = PBXFileReference; lastKnownFileType = sourcecode.swift; path = MenuModel.swift; sourceTree = "<group>"; };
		29C8EF76290519ED00B75B15 /* MenuRouter.swift */ = {isa = PBXFileReference; lastKnownFileType = sourcecode.swift; path = MenuRouter.swift; sourceTree = "<group>"; };
		29CCC15628B3570C00E9F3F4 /* InfoLableCell.swift */ = {isa = PBXFileReference; lastKnownFileType = sourcecode.swift; path = InfoLableCell.swift; sourceTree = "<group>"; };
		29CCC15728B3570C00E9F3F4 /* InfoLableCell.xib */ = {isa = PBXFileReference; lastKnownFileType = file.xib; path = InfoLableCell.xib; sourceTree = "<group>"; };
		29CCC15A28B362AB00E9F3F4 /* InfoHelper.swift */ = {isa = PBXFileReference; lastKnownFileType = sourcecode.swift; path = InfoHelper.swift; sourceTree = "<group>"; };
		29E7BB182903DA96006286C9 /* MenuController.swift */ = {isa = PBXFileReference; lastKnownFileType = sourcecode.swift; path = MenuController.swift; sourceTree = "<group>"; };
		29E7BB1B2903DAF7006286C9 /* MenuPresenter.swift */ = {isa = PBXFileReference; lastKnownFileType = sourcecode.swift; path = MenuPresenter.swift; sourceTree = "<group>"; };
		29E7BB1D2903DB3D006286C9 /* MenuView.swift */ = {isa = PBXFileReference; lastKnownFileType = sourcecode.swift; path = MenuView.swift; sourceTree = "<group>"; };
		29E7BB202903DD39006286C9 /* MenuInteractor.swift */ = {isa = PBXFileReference; lastKnownFileType = sourcecode.swift; path = MenuInteractor.swift; sourceTree = "<group>"; };
		29E7BB242903E09F006286C9 /* MenuHelper.swift */ = {isa = PBXFileReference; lastKnownFileType = sourcecode.swift; path = MenuHelper.swift; sourceTree = "<group>"; };
/* End PBXFileReference section */

/* Begin PBXFrameworksBuildPhase section */
		299B22C128AA733F00D84459 /* Frameworks */ = {
			isa = PBXFrameworksBuildPhase;
			buildActionMask = 2147483647;
			files = (
				299B22FC28AA745D00D84459 /* CoreTableView in Frameworks */,
				2915232D28BBCB8800EB7715 /* FirebaseAuth in Frameworks */,
				299B231328AA7F8400D84459 /* CoreExtensions in Frameworks */,
			);
			runOnlyForDeploymentPostprocessing = 0;
		};
		299B22D728AA734200D84459 /* Frameworks */ = {
			isa = PBXFrameworksBuildPhase;
			buildActionMask = 2147483647;
			files = (
			);
			runOnlyForDeploymentPostprocessing = 0;
		};
		299B22E128AA734200D84459 /* Frameworks */ = {
			isa = PBXFrameworksBuildPhase;
			buildActionMask = 2147483647;
			files = (
			);
			runOnlyForDeploymentPostprocessing = 0;
		};
/* End PBXFrameworksBuildPhase section */

/* Begin PBXGroup section */
		2915233428BBDA1E00EB7715 /* Adapter */ = {
			isa = PBXGroup;
			children = (
				2915233028BBD0D200EB7715 /* AuthFirebaseAdapter.swift */,
			);
			path = Adapter;
			sourceTree = "<group>";
		};
		29875D702903E21B0060F338 /* InfoLableCell */ = {
			isa = PBXGroup;
			children = (
				29CCC15628B3570C00E9F3F4 /* InfoLableCell.swift */,
				29CCC15728B3570C00E9F3F4 /* InfoLableCell.xib */,
			);
			path = InfoLableCell;
			sourceTree = "<group>";
		};
		29875D712903E2D30060F338 /* Cells */ = {
			isa = PBXGroup;
			children = (
				29C8EF712903F7D000B75B15 /* MenuCell */,
			);
			path = Cells;
			sourceTree = "<group>";
		};
		29875D762903E8290060F338 /* Fonts */ = {
			isa = PBXGroup;
			children = (
				29875D772903E8590060F338 /* Comic Sans MS.ttf */,
			);
			path = Fonts;
			sourceTree = "<group>";
		};
		299B22BB28AA733F00D84459 = {
			isa = PBXGroup;
			children = (
				299B22C628AA733F00D84459 /* ClientMixDictionary */,
				299B22DD28AA734200D84459 /* ClientMixDictionaryTests */,
				299B22E728AA734200D84459 /* ClientMixDictionaryUITests */,
				299B22C528AA733F00D84459 /* Products */,
			);
			sourceTree = "<group>";
		};
		299B22C528AA733F00D84459 /* Products */ = {
			isa = PBXGroup;
			children = (
				299B22C428AA733F00D84459 /* ClientMixDictionary.app */,
				299B22DA28AA734200D84459 /* ClientMixDictionaryTests.xctest */,
				299B22E428AA734200D84459 /* ClientMixDictionaryUITests.xctest */,
			);
			name = Products;
			sourceTree = "<group>";
		};
		299B22C628AA733F00D84459 /* ClientMixDictionary */ = {
			isa = PBXGroup;
			children = (
				29C8EF782905372F00B75B15 /* SaveWords */,
				29875D762903E8290060F338 /* Fonts */,
				29E7BB162903DA28006286C9 /* Menu */,
				2915232928BBCAB400EB7715 /* GoogleService-Info.plist */,
				299B231A28AAB48E00D84459 /* Protocols */,
				299B22FD28AA748300D84459 /* Login */,
				299B22C728AA733F00D84459 /* AppDelegate.swift */,
				299B22C928AA733F00D84459 /* SceneDelegate.swift */,
				299B22D028AA734200D84459 /* Assets.xcassets */,
				299B22D228AA734200D84459 /* LaunchScreen.storyboard */,
				299B22D528AA734200D84459 /* Info.plist */,
			);
			path = ClientMixDictionary;
			sourceTree = "<group>";
		};
		299B22DD28AA734200D84459 /* ClientMixDictionaryTests */ = {
			isa = PBXGroup;
			children = (
				299B22DE28AA734200D84459 /* ClientMixDictionaryTests.swift */,
			);
			path = ClientMixDictionaryTests;
			sourceTree = "<group>";
		};
		299B22E728AA734200D84459 /* ClientMixDictionaryUITests */ = {
			isa = PBXGroup;
			children = (
				299B22E828AA734200D84459 /* ClientMixDictionaryUITests.swift */,
				299B22EA28AA734200D84459 /* ClientMixDictionaryUITestsLaunchTests.swift */,
			);
			path = ClientMixDictionaryUITests;
			sourceTree = "<group>";
		};
		299B22FD28AA748300D84459 /* Login */ = {
			isa = PBXGroup;
			children = (
				2915233428BBDA1E00EB7715 /* Adapter */,
				299B230628AA789B00D84459 /* Model */,
				299B230528AA770100D84459 /* Interactor */,
				299B230428AA76F800D84459 /* Presenter */,
				299B230328AA76E800D84459 /* Router */,
				299B230028AA757B00D84459 /* View */,
			);
			path = Login;
			sourceTree = "<group>";
		};
		299B230028AA757B00D84459 /* View */ = {
			isa = PBXGroup;
			children = (
				299B232528AB6C8400D84459 /* HeaderFooter */,
				299B230C28AA7E7A00D84459 /* Cells */,
				299B22CB28AA733F00D84459 /* LoginController.swift */,
				299B230128AA75CB00D84459 /* LoginView.swift */,
			);
			path = View;
			sourceTree = "<group>";
		};
		299B230328AA76E800D84459 /* Router */ = {
			isa = PBXGroup;
			children = (
				299B231828AAB1DA00D84459 /* LoginRouter.swift */,
			);
			path = Router;
			sourceTree = "<group>";
		};
		299B230428AA76F800D84459 /* Presenter */ = {
			isa = PBXGroup;
			children = (
				29E7BB232903E081006286C9 /* Helpers */,
				299B231628AAB03100D84459 /* LoginPresenter.swift */,
			);
			path = Presenter;
			sourceTree = "<group>";
		};
		299B230528AA770100D84459 /* Interactor */ = {
			isa = PBXGroup;
			children = (
				299B231428AAADCE00D84459 /* LoginInteractor.swift */,
			);
			path = Interactor;
			sourceTree = "<group>";
		};
		299B230628AA789B00D84459 /* Model */ = {
			isa = PBXGroup;
			children = (
				299B230728AA78B200D84459 /* LoginModel.swift */,
				2971C27628B0D19F00E409FC /* Credentials.swift */,
			);
			path = Model;
			sourceTree = "<group>";
		};
		299B230C28AA7E7A00D84459 /* Cells */ = {
			isa = PBXGroup;
			children = (
				29875D702903E21B0060F338 /* InfoLableCell */,
				29E7BB282903E1AB006286C9 /* InfoImageCell */,
				29E7BB272903E19C006286C9 /* ImageCell */,
				29E7BB262903E18C006286C9 /* CredentialsCell */,
			);
			path = Cells;
			sourceTree = "<group>";
		};
		299B231A28AAB48E00D84459 /* Protocols */ = {
			isa = PBXGroup;
			children = (
				299B231B28AAB4D300D84459 /* TableHelper.swift */,
				2915232E28BBD00200EB7715 /* Authentications.swift */,
			);
			path = Protocols;
			sourceTree = "<group>";
		};
		299B232528AB6C8400D84459 /* HeaderFooter */ = {
			isa = PBXGroup;
			children = (
				299B232D28ABCA0B00D84459 /* TitleHeaderView.swift */,
				299B232C28ABCA0B00D84459 /* TitleHeaderView.xib */,
				299B232628AB6D3B00D84459 /* MenuHeader.swift */,
			);
			path = HeaderFooter;
			sourceTree = "<group>";
		};
		29C8EF712903F7D000B75B15 /* MenuCell */ = {
			isa = PBXGroup;
			children = (
				29C8EF6D2903F6C400B75B15 /* MenuCell.swift */,
				29C8EF6E2903F6C400B75B15 /* MenuCell.xib */,
			);
			path = MenuCell;
			sourceTree = "<group>";
		};
		29C8EF722904007400B75B15 /* Model */ = {
			isa = PBXGroup;
			children = (
				29C8EF732904009000B75B15 /* MenuModel.swift */,
			);
			path = Model;
			sourceTree = "<group>";
		};
		29C8EF75290519E000B75B15 /* Router */ = {
			isa = PBXGroup;
			children = (
				29C8EF76290519ED00B75B15 /* MenuRouter.swift */,
			);
			path = Router;
			sourceTree = "<group>";
		};
		29C8EF782905372F00B75B15 /* SaveWords */ = {
			isa = PBXGroup;
			children = (
				29C8EF792905376D00B75B15 /* View */,
			);
			path = SaveWords;
			sourceTree = "<group>";
		};
		29C8EF792905376D00B75B15 /* View */ = {
			isa = PBXGroup;
			children = (
			);
			path = View;
			sourceTree = "<group>";
		};
		29E7BB162903DA28006286C9 /* Menu */ = {
			isa = PBXGroup;
			children = (
				29C8EF75290519E000B75B15 /* Router */,
				29C8EF722904007400B75B15 /* Model */,
				29E7BB1F2903DD22006286C9 /* Interactor */,
				29E7BB1A2903DACE006286C9 /* Presenter */,
				29E7BB172903DA6B006286C9 /* View */,
			);
			path = Menu;
			sourceTree = "<group>";
		};
		29E7BB172903DA6B006286C9 /* View */ = {
			isa = PBXGroup;
			children = (
				29875D712903E2D30060F338 /* Cells */,
				29E7BB182903DA96006286C9 /* MenuController.swift */,
				29E7BB1D2903DB3D006286C9 /* MenuView.swift */,
			);
			path = View;
			sourceTree = "<group>";
		};
		29E7BB1A2903DACE006286C9 /* Presenter */ = {
			isa = PBXGroup;
			children = (
				29E7BB222903E02E006286C9 /* Helpers */,
				29E7BB1B2903DAF7006286C9 /* MenuPresenter.swift */,
			);
			path = Presenter;
			sourceTree = "<group>";
		};
		29E7BB1F2903DD22006286C9 /* Interactor */ = {
			isa = PBXGroup;
			children = (
				29E7BB202903DD39006286C9 /* MenuInteractor.swift */,
			);
			path = Interactor;
			sourceTree = "<group>";
		};
		29E7BB222903E02E006286C9 /* Helpers */ = {
			isa = PBXGroup;
			children = (
				29E7BB242903E09F006286C9 /* MenuHelper.swift */,
			);
			path = Helpers;
			sourceTree = "<group>";
		};
		29E7BB232903E081006286C9 /* Helpers */ = {
			isa = PBXGroup;
			children = (
				299B232328AB66C800D84459 /* StartMenuHelper.swift */,
				299B231D28AAB64100D84459 /* FieldHelper.swift */,
				296A464428AD644A00E70222 /* OptionsLoginHelper.swift */,
				29CCC15A28B362AB00E9F3F4 /* InfoHelper.swift */,
				290E776028B5F66E00E12231 /* OptinonsRegistrationHelper.swift */,
			);
			path = Helpers;
			sourceTree = "<group>";
		};
		29E7BB262903E18C006286C9 /* CredentialsCell */ = {
			isa = PBXGroup;
			children = (
				299B230D28AA7EA000D84459 /* CredentialsCell.swift */,
				299B230E28AA7EA000D84459 /* CredentialsCell.xib */,
			);
			path = CredentialsCell;
			sourceTree = "<group>";
		};
		29E7BB272903E19C006286C9 /* ImageCell */ = {
			isa = PBXGroup;
			children = (
				299B231F28AB61F600D84459 /* ImageCell.swift */,
				299B232028AB61F600D84459 /* ImageCell.xib */,
			);
			path = ImageCell;
			sourceTree = "<group>";
		};
		29E7BB282903E1AB006286C9 /* InfoImageCell */ = {
			isa = PBXGroup;
			children = (
				29875D6C2903E2070060F338 /* InfoImageCell.swift */,
				29875D6D2903E2070060F338 /* InfoImageCell.xib */,
			);
			path = InfoImageCell;
			sourceTree = "<group>";
		};
/* End PBXGroup section */

/* Begin PBXNativeTarget section */
		299B22C328AA733F00D84459 /* ClientMixDictionary */ = {
			isa = PBXNativeTarget;
			buildConfigurationList = 299B22EE28AA734200D84459 /* Build configuration list for PBXNativeTarget "ClientMixDictionary" */;
			buildPhases = (
				299B22C028AA733F00D84459 /* Sources */,
				299B22C128AA733F00D84459 /* Frameworks */,
				299B22C228AA733F00D84459 /* Resources */,
			);
			buildRules = (
			);
			dependencies = (
			);
			name = ClientMixDictionary;
			packageProductDependencies = (
				299B22FB28AA745D00D84459 /* CoreTableView */,
				299B231228AA7F8400D84459 /* CoreExtensions */,
				2915232C28BBCB8800EB7715 /* FirebaseAuth */,
			);
			productName = ClientMixDictionary;
			productReference = 299B22C428AA733F00D84459 /* ClientMixDictionary.app */;
			productType = "com.apple.product-type.application";
		};
		299B22D928AA734200D84459 /* ClientMixDictionaryTests */ = {
			isa = PBXNativeTarget;
			buildConfigurationList = 299B22F128AA734200D84459 /* Build configuration list for PBXNativeTarget "ClientMixDictionaryTests" */;
			buildPhases = (
				299B22D628AA734200D84459 /* Sources */,
				299B22D728AA734200D84459 /* Frameworks */,
				299B22D828AA734200D84459 /* Resources */,
			);
			buildRules = (
			);
			dependencies = (
				299B22DC28AA734200D84459 /* PBXTargetDependency */,
			);
			name = ClientMixDictionaryTests;
			productName = ClientMixDictionaryTests;
			productReference = 299B22DA28AA734200D84459 /* ClientMixDictionaryTests.xctest */;
			productType = "com.apple.product-type.bundle.unit-test";
		};
		299B22E328AA734200D84459 /* ClientMixDictionaryUITests */ = {
			isa = PBXNativeTarget;
			buildConfigurationList = 299B22F428AA734200D84459 /* Build configuration list for PBXNativeTarget "ClientMixDictionaryUITests" */;
			buildPhases = (
				299B22E028AA734200D84459 /* Sources */,
				299B22E128AA734200D84459 /* Frameworks */,
				299B22E228AA734200D84459 /* Resources */,
			);
			buildRules = (
			);
			dependencies = (
				299B22E628AA734200D84459 /* PBXTargetDependency */,
			);
			name = ClientMixDictionaryUITests;
			productName = ClientMixDictionaryUITests;
			productReference = 299B22E428AA734200D84459 /* ClientMixDictionaryUITests.xctest */;
			productType = "com.apple.product-type.bundle.ui-testing";
		};
/* End PBXNativeTarget section */

/* Begin PBXProject section */
		299B22BC28AA733F00D84459 /* Project object */ = {
			isa = PBXProject;
			attributes = {
				BuildIndependentTargetsInParallel = 1;
				LastSwiftUpdateCheck = 1340;
				LastUpgradeCheck = 1340;
				TargetAttributes = {
					299B22C328AA733F00D84459 = {
						CreatedOnToolsVersion = 13.4.1;
					};
					299B22D928AA734200D84459 = {
						CreatedOnToolsVersion = 13.4.1;
						TestTargetID = 299B22C328AA733F00D84459;
					};
					299B22E328AA734200D84459 = {
						CreatedOnToolsVersion = 13.4.1;
						TestTargetID = 299B22C328AA733F00D84459;
					};
				};
			};
			buildConfigurationList = 299B22BF28AA733F00D84459 /* Build configuration list for PBXProject "ClientMixDictionary" */;
			compatibilityVersion = "Xcode 13.0";
			developmentRegion = en;
			hasScannedForEncodings = 0;
			knownRegions = (
				en,
				Base,
			);
			mainGroup = 299B22BB28AA733F00D84459;
			packageReferences = (
				299B22FA28AA745D00D84459 /* XCRemoteSwiftPackageReference "CoreTableView" */,
				299B231128AA7F8400D84459 /* XCRemoteSwiftPackageReference "CoreExtensions" */,
				2915232B28BBCB8800EB7715 /* XCRemoteSwiftPackageReference "firebase-ios-sdk" */,
			);
			productRefGroup = 299B22C528AA733F00D84459 /* Products */;
			projectDirPath = "";
			projectRoot = "";
			targets = (
				299B22C328AA733F00D84459 /* ClientMixDictionary */,
				299B22D928AA734200D84459 /* ClientMixDictionaryTests */,
				299B22E328AA734200D84459 /* ClientMixDictionaryUITests */,
			);
		};
/* End PBXProject section */

/* Begin PBXResourcesBuildPhase section */
		299B22C228AA733F00D84459 /* Resources */ = {
			isa = PBXResourcesBuildPhase;
			buildActionMask = 2147483647;
			files = (
				299B232E28ABCA0B00D84459 /* TitleHeaderView.xib in Resources */,
				299B22D428AA734200D84459 /* LaunchScreen.storyboard in Resources */,
				29875D6F2903E2070060F338 /* InfoImageCell.xib in Resources */,
				2915232A28BBCAB400EB7715 /* GoogleService-Info.plist in Resources */,
				299B22D128AA734200D84459 /* Assets.xcassets in Resources */,
				299B232228AB61F600D84459 /* ImageCell.xib in Resources */,
				29CCC15928B3570C00E9F3F4 /* InfoLableCell.xib in Resources */,
				29875D782903E8590060F338 /* Comic Sans MS.ttf in Resources */,
				29C8EF702903F6C400B75B15 /* MenuCell.xib in Resources */,
				299B231028AA7EA000D84459 /* CredentialsCell.xib in Resources */,
			);
			runOnlyForDeploymentPostprocessing = 0;
		};
		299B22D828AA734200D84459 /* Resources */ = {
			isa = PBXResourcesBuildPhase;
			buildActionMask = 2147483647;
			files = (
			);
			runOnlyForDeploymentPostprocessing = 0;
		};
		299B22E228AA734200D84459 /* Resources */ = {
			isa = PBXResourcesBuildPhase;
			buildActionMask = 2147483647;
			files = (
			);
			runOnlyForDeploymentPostprocessing = 0;
		};
/* End PBXResourcesBuildPhase section */

/* Begin PBXSourcesBuildPhase section */
		299B22C028AA733F00D84459 /* Sources */ = {
			isa = PBXSourcesBuildPhase;
			buildActionMask = 2147483647;
			files = (
				299B231728AAB03100D84459 /* LoginPresenter.swift in Sources */,
				299B22CC28AA733F00D84459 /* LoginController.swift in Sources */,
				299B230F28AA7EA000D84459 /* CredentialsCell.swift in Sources */,
				299B232728AB6D3B00D84459 /* MenuHeader.swift in Sources */,
				299B231528AAADCE00D84459 /* LoginInteractor.swift in Sources */,
				29C8EF77290519EE00B75B15 /* MenuRouter.swift in Sources */,
				299B230828AA78B200D84459 /* LoginModel.swift in Sources */,
				299B232128AB61F600D84459 /* ImageCell.swift in Sources */,
				29E7BB1E2903DB3D006286C9 /* MenuView.swift in Sources */,
				29CCC15828B3570C00E9F3F4 /* InfoLableCell.swift in Sources */,
				29E7BB212903DD39006286C9 /* MenuInteractor.swift in Sources */,
				290E776128B5F66E00E12231 /* OptinonsRegistrationHelper.swift in Sources */,
				299B231928AAB1DA00D84459 /* LoginRouter.swift in Sources */,
				299B231C28AAB4D300D84459 /* TableHelper.swift in Sources */,
				299B232428AB66C800D84459 /* StartMenuHelper.swift in Sources */,
				29C8EF6F2903F6C400B75B15 /* MenuCell.swift in Sources */,
				29C8EF742904009000B75B15 /* MenuModel.swift in Sources */,
				29CCC15B28B362AB00E9F3F4 /* InfoHelper.swift in Sources */,
				29E7BB1C2903DAF7006286C9 /* MenuPresenter.swift in Sources */,
				2971C27728B0D19F00E409FC /* Credentials.swift in Sources */,
				2915233128BBD0D200EB7715 /* AuthFirebaseAdapter.swift in Sources */,
				299B232F28ABCA0B00D84459 /* TitleHeaderView.swift in Sources */,
				29E7BB192903DA96006286C9 /* MenuController.swift in Sources */,
				29E7BB252903E09F006286C9 /* MenuHelper.swift in Sources */,
				299B22C828AA733F00D84459 /* AppDelegate.swift in Sources */,
				296A464528AD644A00E70222 /* OptionsLoginHelper.swift in Sources */,
				2915232F28BBD00200EB7715 /* Authentications.swift in Sources */,
				299B22CA28AA733F00D84459 /* SceneDelegate.swift in Sources */,
				29875D6E2903E2070060F338 /* InfoImageCell.swift in Sources */,
				299B231E28AAB64100D84459 /* FieldHelper.swift in Sources */,
				299B230228AA75CB00D84459 /* LoginView.swift in Sources */,
			);
			runOnlyForDeploymentPostprocessing = 0;
		};
		299B22D628AA734200D84459 /* Sources */ = {
			isa = PBXSourcesBuildPhase;
			buildActionMask = 2147483647;
			files = (
				299B22DF28AA734200D84459 /* ClientMixDictionaryTests.swift in Sources */,
			);
			runOnlyForDeploymentPostprocessing = 0;
		};
		299B22E028AA734200D84459 /* Sources */ = {
			isa = PBXSourcesBuildPhase;
			buildActionMask = 2147483647;
			files = (
				299B22EB28AA734200D84459 /* ClientMixDictionaryUITestsLaunchTests.swift in Sources */,
				299B22E928AA734200D84459 /* ClientMixDictionaryUITests.swift in Sources */,
			);
			runOnlyForDeploymentPostprocessing = 0;
		};
/* End PBXSourcesBuildPhase section */

/* Begin PBXTargetDependency section */
		299B22DC28AA734200D84459 /* PBXTargetDependency */ = {
			isa = PBXTargetDependency;
			target = 299B22C328AA733F00D84459 /* ClientMixDictionary */;
			targetProxy = 299B22DB28AA734200D84459 /* PBXContainerItemProxy */;
		};
		299B22E628AA734200D84459 /* PBXTargetDependency */ = {
			isa = PBXTargetDependency;
			target = 299B22C328AA733F00D84459 /* ClientMixDictionary */;
			targetProxy = 299B22E528AA734200D84459 /* PBXContainerItemProxy */;
		};
/* End PBXTargetDependency section */

/* Begin PBXVariantGroup section */
		299B22D228AA734200D84459 /* LaunchScreen.storyboard */ = {
			isa = PBXVariantGroup;
			children = (
				299B22D328AA734200D84459 /* Base */,
			);
			name = LaunchScreen.storyboard;
			sourceTree = "<group>";
		};
/* End PBXVariantGroup section */

/* Begin XCBuildConfiguration section */
		299B22EC28AA734200D84459 /* Debug */ = {
			isa = XCBuildConfiguration;
			buildSettings = {
				ALWAYS_SEARCH_USER_PATHS = NO;
				CLANG_ANALYZER_NONNULL = YES;
				CLANG_ANALYZER_NUMBER_OBJECT_CONVERSION = YES_AGGRESSIVE;
				CLANG_CXX_LANGUAGE_STANDARD = "gnu++17";
				CLANG_ENABLE_MODULES = YES;
				CLANG_ENABLE_OBJC_ARC = YES;
				CLANG_ENABLE_OBJC_WEAK = YES;
				CLANG_WARN_BLOCK_CAPTURE_AUTORELEASING = YES;
				CLANG_WARN_BOOL_CONVERSION = YES;
				CLANG_WARN_COMMA = YES;
				CLANG_WARN_CONSTANT_CONVERSION = YES;
				CLANG_WARN_DEPRECATED_OBJC_IMPLEMENTATIONS = YES;
				CLANG_WARN_DIRECT_OBJC_ISA_USAGE = YES_ERROR;
				CLANG_WARN_DOCUMENTATION_COMMENTS = YES;
				CLANG_WARN_EMPTY_BODY = YES;
				CLANG_WARN_ENUM_CONVERSION = YES;
				CLANG_WARN_INFINITE_RECURSION = YES;
				CLANG_WARN_INT_CONVERSION = YES;
				CLANG_WARN_NON_LITERAL_NULL_CONVERSION = YES;
				CLANG_WARN_OBJC_IMPLICIT_RETAIN_SELF = YES;
				CLANG_WARN_OBJC_LITERAL_CONVERSION = YES;
				CLANG_WARN_OBJC_ROOT_CLASS = YES_ERROR;
				CLANG_WARN_QUOTED_INCLUDE_IN_FRAMEWORK_HEADER = YES;
				CLANG_WARN_RANGE_LOOP_ANALYSIS = YES;
				CLANG_WARN_STRICT_PROTOTYPES = YES;
				CLANG_WARN_SUSPICIOUS_MOVE = YES;
				CLANG_WARN_UNGUARDED_AVAILABILITY = YES_AGGRESSIVE;
				CLANG_WARN_UNREACHABLE_CODE = YES;
				CLANG_WARN__DUPLICATE_METHOD_MATCH = YES;
				COPY_PHASE_STRIP = NO;
				DEBUG_INFORMATION_FORMAT = dwarf;
				ENABLE_STRICT_OBJC_MSGSEND = YES;
				ENABLE_TESTABILITY = YES;
				GCC_C_LANGUAGE_STANDARD = gnu11;
				GCC_DYNAMIC_NO_PIC = NO;
				GCC_NO_COMMON_BLOCKS = YES;
				GCC_OPTIMIZATION_LEVEL = 0;
				GCC_PREPROCESSOR_DEFINITIONS = (
					"DEBUG=1",
					"$(inherited)",
				);
				GCC_WARN_64_TO_32_BIT_CONVERSION = YES;
				GCC_WARN_ABOUT_RETURN_TYPE = YES_ERROR;
				GCC_WARN_UNDECLARED_SELECTOR = YES;
				GCC_WARN_UNINITIALIZED_AUTOS = YES_AGGRESSIVE;
				GCC_WARN_UNUSED_FUNCTION = YES;
				GCC_WARN_UNUSED_VARIABLE = YES;
				IPHONEOS_DEPLOYMENT_TARGET = 15.5;
				MTL_ENABLE_DEBUG_INFO = INCLUDE_SOURCE;
				MTL_FAST_MATH = YES;
				ONLY_ACTIVE_ARCH = YES;
				SDKROOT = iphoneos;
				SWIFT_ACTIVE_COMPILATION_CONDITIONS = DEBUG;
				SWIFT_OPTIMIZATION_LEVEL = "-Onone";
			};
			name = Debug;
		};
		299B22ED28AA734200D84459 /* Release */ = {
			isa = XCBuildConfiguration;
			buildSettings = {
				ALWAYS_SEARCH_USER_PATHS = NO;
				CLANG_ANALYZER_NONNULL = YES;
				CLANG_ANALYZER_NUMBER_OBJECT_CONVERSION = YES_AGGRESSIVE;
				CLANG_CXX_LANGUAGE_STANDARD = "gnu++17";
				CLANG_ENABLE_MODULES = YES;
				CLANG_ENABLE_OBJC_ARC = YES;
				CLANG_ENABLE_OBJC_WEAK = YES;
				CLANG_WARN_BLOCK_CAPTURE_AUTORELEASING = YES;
				CLANG_WARN_BOOL_CONVERSION = YES;
				CLANG_WARN_COMMA = YES;
				CLANG_WARN_CONSTANT_CONVERSION = YES;
				CLANG_WARN_DEPRECATED_OBJC_IMPLEMENTATIONS = YES;
				CLANG_WARN_DIRECT_OBJC_ISA_USAGE = YES_ERROR;
				CLANG_WARN_DOCUMENTATION_COMMENTS = YES;
				CLANG_WARN_EMPTY_BODY = YES;
				CLANG_WARN_ENUM_CONVERSION = YES;
				CLANG_WARN_INFINITE_RECURSION = YES;
				CLANG_WARN_INT_CONVERSION = YES;
				CLANG_WARN_NON_LITERAL_NULL_CONVERSION = YES;
				CLANG_WARN_OBJC_IMPLICIT_RETAIN_SELF = YES;
				CLANG_WARN_OBJC_LITERAL_CONVERSION = YES;
				CLANG_WARN_OBJC_ROOT_CLASS = YES_ERROR;
				CLANG_WARN_QUOTED_INCLUDE_IN_FRAMEWORK_HEADER = YES;
				CLANG_WARN_RANGE_LOOP_ANALYSIS = YES;
				CLANG_WARN_STRICT_PROTOTYPES = YES;
				CLANG_WARN_SUSPICIOUS_MOVE = YES;
				CLANG_WARN_UNGUARDED_AVAILABILITY = YES_AGGRESSIVE;
				CLANG_WARN_UNREACHABLE_CODE = YES;
				CLANG_WARN__DUPLICATE_METHOD_MATCH = YES;
				COPY_PHASE_STRIP = NO;
				DEBUG_INFORMATION_FORMAT = "dwarf-with-dsym";
				ENABLE_NS_ASSERTIONS = NO;
				ENABLE_STRICT_OBJC_MSGSEND = YES;
				GCC_C_LANGUAGE_STANDARD = gnu11;
				GCC_NO_COMMON_BLOCKS = YES;
				GCC_WARN_64_TO_32_BIT_CONVERSION = YES;
				GCC_WARN_ABOUT_RETURN_TYPE = YES_ERROR;
				GCC_WARN_UNDECLARED_SELECTOR = YES;
				GCC_WARN_UNINITIALIZED_AUTOS = YES_AGGRESSIVE;
				GCC_WARN_UNUSED_FUNCTION = YES;
				GCC_WARN_UNUSED_VARIABLE = YES;
				IPHONEOS_DEPLOYMENT_TARGET = 15.5;
				MTL_ENABLE_DEBUG_INFO = NO;
				MTL_FAST_MATH = YES;
				SDKROOT = iphoneos;
				SWIFT_COMPILATION_MODE = wholemodule;
				SWIFT_OPTIMIZATION_LEVEL = "-O";
				VALIDATE_PRODUCT = YES;
			};
			name = Release;
		};
		299B22EF28AA734200D84459 /* Debug */ = {
			isa = XCBuildConfiguration;
			buildSettings = {
				ASSETCATALOG_COMPILER_APPICON_NAME = AppIcon;
				ASSETCATALOG_COMPILER_GLOBAL_ACCENT_COLOR_NAME = AccentColor;
				CODE_SIGN_STYLE = Automatic;
				CURRENT_PROJECT_VERSION = 1;
				DEVELOPMENT_TEAM = 7SNPDG93FF;
				GENERATE_INFOPLIST_FILE = YES;
				INFOPLIST_FILE = ClientMixDictionary/Info.plist;
				INFOPLIST_KEY_NSMainNibFile = LoginView;
				INFOPLIST_KEY_UIApplicationSupportsIndirectInputEvents = YES;
				INFOPLIST_KEY_UILaunchStoryboardName = LaunchScreen;
				INFOPLIST_KEY_UISupportedInterfaceOrientations = UIInterfaceOrientationPortrait;
				INFOPLIST_KEY_UISupportedInterfaceOrientations_iPad = "UIInterfaceOrientationPortrait UIInterfaceOrientationPortraitUpsideDown UIInterfaceOrientationLandscapeLeft UIInterfaceOrientationLandscapeRight";
				INFOPLIST_KEY_UISupportedInterfaceOrientations_iPhone = "UIInterfaceOrientationPortrait UIInterfaceOrientationLandscapeLeft UIInterfaceOrientationLandscapeRight";
				LD_RUNPATH_SEARCH_PATHS = (
					"$(inherited)",
					"@executable_path/Frameworks",
				);
				MARKETING_VERSION = 1.0;
				PRODUCT_BUNDLE_IDENTIFIER = ru.mixfon.ClientMixDictionary;
				PRODUCT_NAME = "$(TARGET_NAME)";
				SWIFT_EMIT_LOC_STRINGS = YES;
				SWIFT_VERSION = 5.0;
				TARGETED_DEVICE_FAMILY = 1;
			};
			name = Debug;
		};
		299B22F028AA734200D84459 /* Release */ = {
			isa = XCBuildConfiguration;
			buildSettings = {
				ASSETCATALOG_COMPILER_APPICON_NAME = AppIcon;
				ASSETCATALOG_COMPILER_GLOBAL_ACCENT_COLOR_NAME = AccentColor;
				CODE_SIGN_STYLE = Automatic;
				CURRENT_PROJECT_VERSION = 1;
				DEVELOPMENT_TEAM = 7SNPDG93FF;
				GENERATE_INFOPLIST_FILE = YES;
				INFOPLIST_FILE = ClientMixDictionary/Info.plist;
				INFOPLIST_KEY_NSMainNibFile = LoginView;
				INFOPLIST_KEY_UIApplicationSupportsIndirectInputEvents = YES;
				INFOPLIST_KEY_UILaunchStoryboardName = LaunchScreen;
				INFOPLIST_KEY_UISupportedInterfaceOrientations = UIInterfaceOrientationPortrait;
				INFOPLIST_KEY_UISupportedInterfaceOrientations_iPad = "UIInterfaceOrientationPortrait UIInterfaceOrientationPortraitUpsideDown UIInterfaceOrientationLandscapeLeft UIInterfaceOrientationLandscapeRight";
				INFOPLIST_KEY_UISupportedInterfaceOrientations_iPhone = "UIInterfaceOrientationPortrait UIInterfaceOrientationLandscapeLeft UIInterfaceOrientationLandscapeRight";
				LD_RUNPATH_SEARCH_PATHS = (
					"$(inherited)",
					"@executable_path/Frameworks",
				);
				MARKETING_VERSION = 1.0;
				PRODUCT_BUNDLE_IDENTIFIER = ru.mixfon.ClientMixDictionary;
				PRODUCT_NAME = "$(TARGET_NAME)";
				SWIFT_EMIT_LOC_STRINGS = YES;
				SWIFT_VERSION = 5.0;
				TARGETED_DEVICE_FAMILY = 1;
			};
			name = Release;
		};
		299B22F228AA734200D84459 /* Debug */ = {
			isa = XCBuildConfiguration;
			buildSettings = {
				ALWAYS_EMBED_SWIFT_STANDARD_LIBRARIES = YES;
				BUNDLE_LOADER = "$(TEST_HOST)";
				CODE_SIGN_STYLE = Automatic;
				CURRENT_PROJECT_VERSION = 1;
				DEVELOPMENT_TEAM = 7SNPDG93FF;
				GENERATE_INFOPLIST_FILE = YES;
				IPHONEOS_DEPLOYMENT_TARGET = 15.5;
				MARKETING_VERSION = 1.0;
				PRODUCT_BUNDLE_IDENTIFIER = ru.mixfon.ClientMixDictionaryTests;
				PRODUCT_NAME = "$(TARGET_NAME)";
				SWIFT_EMIT_LOC_STRINGS = NO;
				SWIFT_VERSION = 5.0;
				TARGETED_DEVICE_FAMILY = "1,2";
				TEST_HOST = "$(BUILT_PRODUCTS_DIR)/ClientMixDictionary.app/ClientMixDictionary";
			};
			name = Debug;
		};
		299B22F328AA734200D84459 /* Release */ = {
			isa = XCBuildConfiguration;
			buildSettings = {
				ALWAYS_EMBED_SWIFT_STANDARD_LIBRARIES = YES;
				BUNDLE_LOADER = "$(TEST_HOST)";
				CODE_SIGN_STYLE = Automatic;
				CURRENT_PROJECT_VERSION = 1;
				DEVELOPMENT_TEAM = 7SNPDG93FF;
				GENERATE_INFOPLIST_FILE = YES;
				IPHONEOS_DEPLOYMENT_TARGET = 15.5;
				MARKETING_VERSION = 1.0;
				PRODUCT_BUNDLE_IDENTIFIER = ru.mixfon.ClientMixDictionaryTests;
				PRODUCT_NAME = "$(TARGET_NAME)";
				SWIFT_EMIT_LOC_STRINGS = NO;
				SWIFT_VERSION = 5.0;
				TARGETED_DEVICE_FAMILY = "1,2";
				TEST_HOST = "$(BUILT_PRODUCTS_DIR)/ClientMixDictionary.app/ClientMixDictionary";
			};
			name = Release;
		};
		299B22F528AA734200D84459 /* Debug */ = {
			isa = XCBuildConfiguration;
			buildSettings = {
				ALWAYS_EMBED_SWIFT_STANDARD_LIBRARIES = YES;
				CODE_SIGN_STYLE = Automatic;
				CURRENT_PROJECT_VERSION = 1;
				DEVELOPMENT_TEAM = 7SNPDG93FF;
				GENERATE_INFOPLIST_FILE = YES;
				MARKETING_VERSION = 1.0;
				PRODUCT_BUNDLE_IDENTIFIER = ru.mixfon.ClientMixDictionaryUITests;
				PRODUCT_NAME = "$(TARGET_NAME)";
				SWIFT_EMIT_LOC_STRINGS = NO;
				SWIFT_VERSION = 5.0;
				TARGETED_DEVICE_FAMILY = "1,2";
				TEST_TARGET_NAME = ClientMixDictionary;
			};
			name = Debug;
		};
		299B22F628AA734200D84459 /* Release */ = {
			isa = XCBuildConfiguration;
			buildSettings = {
				ALWAYS_EMBED_SWIFT_STANDARD_LIBRARIES = YES;
				CODE_SIGN_STYLE = Automatic;
				CURRENT_PROJECT_VERSION = 1;
				DEVELOPMENT_TEAM = 7SNPDG93FF;
				GENERATE_INFOPLIST_FILE = YES;
				MARKETING_VERSION = 1.0;
				PRODUCT_BUNDLE_IDENTIFIER = ru.mixfon.ClientMixDictionaryUITests;
				PRODUCT_NAME = "$(TARGET_NAME)";
				SWIFT_EMIT_LOC_STRINGS = NO;
				SWIFT_VERSION = 5.0;
				TARGETED_DEVICE_FAMILY = "1,2";
				TEST_TARGET_NAME = ClientMixDictionary;
			};
			name = Release;
		};
/* End XCBuildConfiguration section */

/* Begin XCConfigurationList section */
		299B22BF28AA733F00D84459 /* Build configuration list for PBXProject "ClientMixDictionary" */ = {
			isa = XCConfigurationList;
			buildConfigurations = (
				299B22EC28AA734200D84459 /* Debug */,
				299B22ED28AA734200D84459 /* Release */,
			);
			defaultConfigurationIsVisible = 0;
			defaultConfigurationName = Release;
		};
		299B22EE28AA734200D84459 /* Build configuration list for PBXNativeTarget "ClientMixDictionary" */ = {
			isa = XCConfigurationList;
			buildConfigurations = (
				299B22EF28AA734200D84459 /* Debug */,
				299B22F028AA734200D84459 /* Release */,
			);
			defaultConfigurationIsVisible = 0;
			defaultConfigurationName = Release;
		};
		299B22F128AA734200D84459 /* Build configuration list for PBXNativeTarget "ClientMixDictionaryTests" */ = {
			isa = XCConfigurationList;
			buildConfigurations = (
				299B22F228AA734200D84459 /* Debug */,
				299B22F328AA734200D84459 /* Release */,
			);
			defaultConfigurationIsVisible = 0;
			defaultConfigurationName = Release;
		};
		299B22F428AA734200D84459 /* Build configuration list for PBXNativeTarget "ClientMixDictionaryUITests" */ = {
			isa = XCConfigurationList;
			buildConfigurations = (
				299B22F528AA734200D84459 /* Debug */,
				299B22F628AA734200D84459 /* Release */,
			);
			defaultConfigurationIsVisible = 0;
			defaultConfigurationName = Release;
		};
/* End XCConfigurationList section */

/* Begin XCRemoteSwiftPackageReference section */
		2915232B28BBCB8800EB7715 /* XCRemoteSwiftPackageReference "firebase-ios-sdk" */ = {
			isa = XCRemoteSwiftPackageReference;
			repositoryURL = "https://github.com/firebase/firebase-ios-sdk";
			requirement = {
				branch = master;
				kind = branch;
			};
		};
		299B22FA28AA745D00D84459 /* XCRemoteSwiftPackageReference "CoreTableView" */ = {
			isa = XCRemoteSwiftPackageReference;
			repositoryURL = "https://github.com/MosMetro-official/CoreTableView";
			requirement = {
				branch = 0.0.7;
				kind = branch;
			};
		};
		299B231128AA7F8400D84459 /* XCRemoteSwiftPackageReference "CoreExtensions" */ = {
			isa = XCRemoteSwiftPackageReference;
			repositoryURL = "https://github.com/MosMetro-official/CoreExtensions.git";
			requirement = {
				branch = main;
				kind = branch;
			};
		};
/* End XCRemoteSwiftPackageReference section */

/* Begin XCSwiftPackageProductDependency section */
		2915232C28BBCB8800EB7715 /* FirebaseAuth */ = {
			isa = XCSwiftPackageProductDependency;
			package = 2915232B28BBCB8800EB7715 /* XCRemoteSwiftPackageReference "firebase-ios-sdk" */;
			productName = FirebaseAuth;
		};
		299B22FB28AA745D00D84459 /* CoreTableView */ = {
			isa = XCSwiftPackageProductDependency;
			package = 299B22FA28AA745D00D84459 /* XCRemoteSwiftPackageReference "CoreTableView" */;
			productName = CoreTableView;
		};
		299B231228AA7F8400D84459 /* CoreExtensions */ = {
			isa = XCSwiftPackageProductDependency;
			package = 299B231128AA7F8400D84459 /* XCRemoteSwiftPackageReference "CoreExtensions" */;
			productName = CoreExtensions;
		};
/* End XCSwiftPackageProductDependency section */
	};
	rootObject = 299B22BC28AA733F00D84459 /* Project object */;
}
